
Microsoft Visual Studio Solution File, Format Version 12.00
# Visual Studio Version 16
VisualStudioVersion = 16.0.29306.81
MinimumVisualStudioVersion = 10.0.40219.1
Project("{FAE04EC0-301F-11D3-BF4B-00C04F79EFBC}") = "TestingApp1", "TestingApp1\TestingApp1.csproj", "{F4ABAE2E-2CE6-42E3-81E0-9D55AD0F5C70}"
EndProject
Project("{FAE04EC0-301F-11D3-BF4B-00C04F79EFBC}") = "UnitTest1", "UnitTest1\UnitTest1.csproj", "{7D8AF8FF-DE34-44CA-879C-17BF1E29323C}"
EndProject
Global
	GlobalSection(SolutionConfigurationPlatforms) = preSolution
		Debug|Any CPU = Debug|Any CPU
		Release|Any CPU = Release|Any CPU
	EndGlobalSection
	GlobalSection(ProjectConfigurationPlatforms) = postSolution
		{F4ABAE2E-2CE6-42E3-81E0-9D55AD0F5C70}.Debug|Any CPU.ActiveCfg = Debug|Any CPU
		{F4ABAE2E-2CE6-42E3-81E0-9D55AD0F5C70}.Debug|Any CPU.Build.0 = Debug|Any CPU
		{F4ABAE2E-2CE6-42E3-81E0-9D55AD0F5C70}.Release|Any CPU.ActiveCfg = Release|Any CPU
		{F4ABAE2E-2CE6-42E3-81E0-9D55AD0F5C70}.Release|Any CPU.Build.0 = Release|Any CPU
		{7D8AF8FF-DE34-44CA-879C-17BF1E29323C}.Debug|Any CPU.ActiveCfg = Debug|Any CPU
		{7D8AF8FF-DE34-44CA-879C-17BF1E29323C}.Debug|Any CPU.Build.0 = Debug|Any CPU
		{7D8AF8FF-DE34-44CA-879C-17BF1E29323C}.Release|Any CPU.ActiveCfg = Release|Any CPU
		{7D8AF8FF-DE34-44CA-879C-17BF1E29323C}.Release|Any CPU.Build.0 = Release|Any CPU
	EndGlobalSection
	GlobalSection(SolutionProperties) = preSolution
		HideSolutionNode = FALSE
	EndGlobalSection
	GlobalSection(ExtensibilityGlobals) = postSolution
		SolutionGuid = {B348933A-EABF-414B-A1F8-700930292D71}
	EndGlobalSection
EndGlobal
